
Microsoft Visual Studio Solution File, Format Version 12.00
# Visual Studio 2012
Project("{FAE04EC0-301F-11D3-BF4B-00C04F79EFBC}") = "Alexa", "Alexa\Alexa.csproj", "{BBD794B9-E05F-4E0A-8DA3-E8ED8E9EF9F6}"
EndProject
Global
	GlobalSection(SolutionConfigurationPlatforms) = preSolution
		Debug|Any CPU = Debug|Any CPU
		Release|Any CPU = Release|Any CPU
	EndGlobalSection
	GlobalSection(ProjectConfigurationPlatforms) = postSolution
		{BBD794B9-E05F-4E0A-8DA3-E8ED8E9EF9F6}.Debug|Any CPU.ActiveCfg = Debug|Any CPU
		{BBD794B9-E05F-4E0A-8DA3-E8ED8E9EF9F6}.Debug|Any CPU.Build.0 = Debug|Any CPU
		{BBD794B9-E05F-4E0A-8DA3-E8ED8E9EF9F6}.Release|Any CPU.ActiveCfg = Release|Any CPU
		{BBD794B9-E05F-4E0A-8DA3-E8ED8E9EF9F6}.Release|Any CPU.Build.0 = Release|Any CPU
	EndGlobalSection
EndGlobal
